
Microsoft Visual Studio Solution File, Format Version 12.00
# Visual Studio Version 16
VisualStudioVersion = 16.0.29519.161
MinimumVisualStudioVersion = 10.0.40219.1
Project("{8BC9CEB8-8B4A-11D0-8D11-00A0C91BC942}") = "Core", "Core\Core.vcxproj", "{67295661-D94A-4BB8-B1AC-DC98CE27120F}"
EndProject
Project("{8BC9CEB8-8B4A-11D0-8D11-00A0C91BC942}") = "CoreTest", "CoreTest\CoreTest.vcxproj", "{F72F282D-E401-4408-AB29-32314AE1001B}"
EndProject
Project("{8BC9CEB8-8B4A-11D0-8D11-00A0C91BC942}") = "Enter", "Enter\Enter.vcxproj", "{B12702AD-ABFB-343A-A199-8E24837244A3}"
EndProject
Project("{8BC9CEB8-8B4A-11D0-8D11-00A0C91BC942}") = "OpenGLTest", "OpenGLTest\OpenGLTest.vcxproj", "{99D413F4-DFF6-434F-9833-A68E8F9BF6C6}"
EndProject
Project("{8BC9CEB8-8B4A-11D0-8D11-00A0C91BC942}") = "OpenALTest", "OpenALTest\OpenALTest.vcxproj", "{3BF7C4B4-6681-490A-BE47-C238223014BB}"
EndProject
Project("{2150E333-8FDC-42A3-9474-1A3956D46DE8}") = "test", "test", "{A8D75F79-CDAB-47D9-ADB6-22C5F15A1554}"
EndProject
Project("{8BC9CEB8-8B4A-11D0-8D11-00A0C91BC942}") = "ffplay", "ffplay\ffplay.vcxproj", "{C8A40C72-DDB0-489D-A062-CEBEEB3A7567}"
EndProject
Global
	GlobalSection(SolutionConfigurationPlatforms) = preSolution
		Debug|Win32 = Debug|Win32
		Debug|x64 = Debug|x64
		Debug|x86 = Debug|x86
		Release|Win32 = Release|Win32
		Release|x64 = Release|x64
		Release|x86 = Release|x86
	EndGlobalSection
	GlobalSection(ProjectConfigurationPlatforms) = postSolution
		{67295661-D94A-4BB8-B1AC-DC98CE27120F}.Debug|Win32.ActiveCfg = Debug|Win32
		{67295661-D94A-4BB8-B1AC-DC98CE27120F}.Debug|Win32.Build.0 = Debug|Win32
		{67295661-D94A-4BB8-B1AC-DC98CE27120F}.Debug|x64.ActiveCfg = Debug|x64
		{67295661-D94A-4BB8-B1AC-DC98CE27120F}.Debug|x64.Build.0 = Debug|x64
		{67295661-D94A-4BB8-B1AC-DC98CE27120F}.Debug|x86.ActiveCfg = Debug|Win32
		{67295661-D94A-4BB8-B1AC-DC98CE27120F}.Debug|x86.Build.0 = Debug|Win32
		{67295661-D94A-4BB8-B1AC-DC98CE27120F}.Release|Win32.ActiveCfg = Release|Win32
		{67295661-D94A-4BB8-B1AC-DC98CE27120F}.Release|Win32.Build.0 = Release|Win32
		{67295661-D94A-4BB8-B1AC-DC98CE27120F}.Release|x64.ActiveCfg = Release|x64
		{67295661-D94A-4BB8-B1AC-DC98CE27120F}.Release|x64.Build.0 = Release|x64
		{67295661-D94A-4BB8-B1AC-DC98CE27120F}.Release|x86.ActiveCfg = Release|Win32
		{67295661-D94A-4BB8-B1AC-DC98CE27120F}.Release|x86.Build.0 = Release|Win32
		{F72F282D-E401-4408-AB29-32314AE1001B}.Debug|Win32.ActiveCfg = Debug|Win32
		{F72F282D-E401-4408-AB29-32314AE1001B}.Debug|Win32.Build.0 = Debug|Win32
		{F72F282D-E401-4408-AB29-32314AE1001B}.Debug|x64.ActiveCfg = Debug|x64
		{F72F282D-E401-4408-AB29-32314AE1001B}.Debug|x64.Build.0 = Debug|x64
		{F72F282D-E401-4408-AB29-32314AE1001B}.Debug|x86.ActiveCfg = Debug|Win32
		{F72F282D-E401-4408-AB29-32314AE1001B}.Debug|x86.Build.0 = Debug|Win32
		{F72F282D-E401-4408-AB29-32314AE1001B}.Release|Win32.ActiveCfg = Release|Win32
		{F72F282D-E401-4408-AB29-32314AE1001B}.Release|Win32.Build.0 = Release|Win32
		{F72F282D-E401-4408-AB29-32314AE1001B}.Release|x64.ActiveCfg = Release|x64
		{F72F282D-E401-4408-AB29-32314AE1001B}.Release|x64.Build.0 = Release|x64
		{F72F282D-E401-4408-AB29-32314AE1001B}.Release|x86.ActiveCfg = Release|Win32
		{F72F282D-E401-4408-AB29-32314AE1001B}.Release|x86.Build.0 = Release|Win32
		{B12702AD-ABFB-343A-A199-8E24837244A3}.Debug|Win32.ActiveCfg = Debug|Win32
		{B12702AD-ABFB-343A-A199-8E24837244A3}.Debug|Win32.Build.0 = Debug|Win32
		{B12702AD-ABFB-343A-A199-8E24837244A3}.Debug|x64.ActiveCfg = Debug|x64
		{B12702AD-ABFB-343A-A199-8E24837244A3}.Debug|x64.Build.0 = Debug|x64
		{B12702AD-ABFB-343A-A199-8E24837244A3}.Debug|x86.ActiveCfg = Debug|Win32
		{B12702AD-ABFB-343A-A199-8E24837244A3}.Debug|x86.Build.0 = Debug|Win32
		{B12702AD-ABFB-343A-A199-8E24837244A3}.Release|Win32.ActiveCfg = Release|Win32
		{B12702AD-ABFB-343A-A199-8E24837244A3}.Release|Win32.Build.0 = Release|Win32
		{B12702AD-ABFB-343A-A199-8E24837244A3}.Release|x64.ActiveCfg = Release|x64
		{B12702AD-ABFB-343A-A199-8E24837244A3}.Release|x64.Build.0 = Release|x64
		{B12702AD-ABFB-343A-A199-8E24837244A3}.Release|x86.ActiveCfg = Release|Win32
		{B12702AD-ABFB-343A-A199-8E24837244A3}.Release|x86.Build.0 = Release|Win32
		{99D413F4-DFF6-434F-9833-A68E8F9BF6C6}.Debug|Win32.ActiveCfg = Debug|Win32
		{99D413F4-DFF6-434F-9833-A68E8F9BF6C6}.Debug|Win32.Build.0 = Debug|Win32
		{99D413F4-DFF6-434F-9833-A68E8F9BF6C6}.Debug|x64.ActiveCfg = Debug|x64
		{99D413F4-DFF6-434F-9833-A68E8F9BF6C6}.Debug|x64.Build.0 = Debug|x64
		{99D413F4-DFF6-434F-9833-A68E8F9BF6C6}.Debug|x86.ActiveCfg = Debug|Win32
		{99D413F4-DFF6-434F-9833-A68E8F9BF6C6}.Debug|x86.Build.0 = Debug|Win32
		{99D413F4-DFF6-434F-9833-A68E8F9BF6C6}.Release|Win32.ActiveCfg = Release|Win32
		{99D413F4-DFF6-434F-9833-A68E8F9BF6C6}.Release|Win32.Build.0 = Release|Win32
		{99D413F4-DFF6-434F-9833-A68E8F9BF6C6}.Release|x64.ActiveCfg = Release|x64
		{99D413F4-DFF6-434F-9833-A68E8F9BF6C6}.Release|x64.Build.0 = Release|x64
		{99D413F4-DFF6-434F-9833-A68E8F9BF6C6}.Release|x86.ActiveCfg = Release|Win32
		{99D413F4-DFF6-434F-9833-A68E8F9BF6C6}.Release|x86.Build.0 = Release|Win32
		{3BF7C4B4-6681-490A-BE47-C238223014BB}.Debug|Win32.ActiveCfg = Debug|Win32
		{3BF7C4B4-6681-490A-BE47-C238223014BB}.Debug|Win32.Build.0 = Debug|Win32
		{3BF7C4B4-6681-490A-BE47-C238223014BB}.Debug|x64.ActiveCfg = Debug|x64
		{3BF7C4B4-6681-490A-BE47-C238223014BB}.Debug|x64.Build.0 = Debug|x64
		{3BF7C4B4-6681-490A-BE47-C238223014BB}.Debug|x86.ActiveCfg = Debug|Win32
		{3BF7C4B4-6681-490A-BE47-C238223014BB}.Debug|x86.Build.0 = Debug|Win32
		{3BF7C4B4-6681-490A-BE47-C238223014BB}.Release|Win32.ActiveCfg = Release|Win32
		{3BF7C4B4-6681-490A-BE47-C238223014BB}.Release|Win32.Build.0 = Release|Win32
		{3BF7C4B4-6681-490A-BE47-C238223014BB}.Release|x64.ActiveCfg = Release|x64
		{3BF7C4B4-6681-490A-BE47-C238223014BB}.Release|x64.Build.0 = Release|x64
		{3BF7C4B4-6681-490A-BE47-C238223014BB}.Release|x86.ActiveCfg = Release|Win32
		{3BF7C4B4-6681-490A-BE47-C238223014BB}.Release|x86.Build.0 = Release|Win32
		{C8A40C72-DDB0-489D-A062-CEBEEB3A7567}.Debug|Win32.ActiveCfg = Debug|Win32
		{C8A40C72-DDB0-489D-A062-CEBEEB3A7567}.Debug|Win32.Build.0 = Debug|Win32
		{C8A40C72-DDB0-489D-A062-CEBEEB3A7567}.Debug|x64.ActiveCfg = Debug|x64
		{C8A40C72-DDB0-489D-A062-CEBEEB3A7567}.Debug|x64.Build.0 = Debug|x64
		{C8A40C72-DDB0-489D-A062-CEBEEB3A7567}.Debug|x86.ActiveCfg = Debug|Win32
		{C8A40C72-DDB0-489D-A062-CEBEEB3A7567}.Debug|x86.Build.0 = Debug|Win32
		{C8A40C72-DDB0-489D-A062-CEBEEB3A7567}.Release|Win32.ActiveCfg = Release|Win32
		{C8A40C72-DDB0-489D-A062-CEBEEB3A7567}.Release|Win32.Build.0 = Release|Win32
		{C8A40C72-DDB0-489D-A062-CEBEEB3A7567}.Release|x64.ActiveCfg = Release|x64
		{C8A40C72-DDB0-489D-A062-CEBEEB3A7567}.Release|x64.Build.0 = Release|x64
		{C8A40C72-DDB0-489D-A062-CEBEEB3A7567}.Release|x86.ActiveCfg = Release|Win32
		{C8A40C72-DDB0-489D-A062-CEBEEB3A7567}.Release|x86.Build.0 = Release|Win32
	EndGlobalSection
	GlobalSection(SolutionProperties) = preSolution
		HideSolutionNode = FALSE
	EndGlobalSection
	GlobalSection(NestedProjects) = preSolution
		{F72F282D-E401-4408-AB29-32314AE1001B} = {A8D75F79-CDAB-47D9-ADB6-22C5F15A1554}
		{99D413F4-DFF6-434F-9833-A68E8F9BF6C6} = {A8D75F79-CDAB-47D9-ADB6-22C5F15A1554}
		{3BF7C4B4-6681-490A-BE47-C238223014BB} = {A8D75F79-CDAB-47D9-ADB6-22C5F15A1554}
		{C8A40C72-DDB0-489D-A062-CEBEEB3A7567} = {A8D75F79-CDAB-47D9-ADB6-22C5F15A1554}
	EndGlobalSection
	GlobalSection(ExtensibilityGlobals) = postSolution
		Qt5Version = 5.12.4_x64
		SolutionGuid = {09396327-42F9-4284-B5F8-604C50AB48A2}
	EndGlobalSection
EndGlobal
