<?xml version="1.0" encoding="utf-8"?>
<Project ToolsVersion="4.0" xmlns="http://schemas.microsoft.com/developer/msbuild/2003">
  <ItemGroup>
    <ClCompile Include="Base\StringPiece.cpp">
      <Filter>Base</Filter>
    </ClCompile>
    <ClCompile Include="Base\ThreadBase.cpp">
      <Filter>Base</Filter>
    </ClCompile>
    <ClCompile Include="Base\ThreadBase_linux.cpp">
      <Filter>Base</Filter>
    </ClCompile>
    <ClCompile Include="Base\ThreadBase_windows.cpp">
      <Filter>Base</Filter>
    </ClCompile>
    <ClCompile Include="AudioFormat.cpp" />
    <ClCompile Include="VideoFormat.cpp" />
    <ClCompile Include="AVDecoder.cpp" />
    <ClCompile Include="VideoDecoder.cpp" />
    <ClCompile Include="VideoDecoderFFmpeg.cpp" />
    <ClCompile Include="AVDemuxer.cpp" />
    <ClCompile Include="AVParser.cpp" />
    <ClCompile Include="AudioDecoder.cpp" />
    <ClCompile Include="AudioDeocderFFmpeg.cpp" />
    <ClCompile Include="AVPlayer.cpp" />
    <ClCompile Include="Packet.cpp" />
    <ClCompile Include="AVThread.cpp" />
    <ClCompile Include="Frame.cpp" />
    <ClCompile Include="VideoFrame.cpp" />
    <ClCompile Include="Render\VideoRender.cpp">
      <Filter>Render</Filter>
    </ClCompile>
  </ItemGroup>
  <ItemGroup>
    <ClInclude Include="Base\BlockingQueue.h">
      <Filter>Base</Filter>
    </ClInclude>
    <ClInclude Include="Base\StringPiece.h">
      <Filter>Base</Filter>
    </ClInclude>
    <ClInclude Include="Base\ThreadBase.h">
      <Filter>Base</Filter>
    </ClInclude>
    <ClInclude Include="AudioFormat.h" />
    <ClInclude Include="VideoFormat.h" />
    <ClInclude Include="AVDecoder.h" />
    <ClInclude Include="VideoDecoder.h" />
    <ClInclude Include="VideoDecoderFFmpeg.h" />
    <ClInclude Include="AVDemuxer.h" />
    <ClInclude Include="AVParser.h" />
    <ClInclude Include="AudioDecoder.h" />
    <ClInclude Include="AudioDeocderFFmpeg.h" />
    <ClInclude Include="AVPlayer.h" />
    <ClInclude Include="Packet.h" />
    <ClInclude Include="AVThread.h" />
    <ClInclude Include="Frame.h" />
    <ClInclude Include="VideoFrame.h" />
    <ClInclude Include="Render\VideoRender.h">
      <Filter>Render</Filter>
    </ClInclude>
  </ItemGroup>
  <ItemGroup>
    <Filter Include="Base">
      <UniqueIdentifier>{649842b2-9f5e-4833-930c-ca111a605b27}</UniqueIdentifier>
    </Filter>
    <Filter Include="Render">
      <UniqueIdentifier>{1a090635-f949-406c-b2da-9f64e91f289f}</UniqueIdentifier>
    </Filter>
  </ItemGroup>
</Project>