<?xml version="1.0" encoding="utf-8"?>
<Project ToolsVersion="4.0" xmlns="http://schemas.microsoft.com/developer/msbuild/2003">
  <ItemGroup>
    <Filter Include="Main">
      <UniqueIdentifier>{4ee9aa2d-c3c1-4a55-a148-346f63ddc12c}</UniqueIdentifier>
    </Filter>
    <Filter Include="Widget">
      <UniqueIdentifier>{b46938c4-1f8e-418e-ac60-d3f7f1304ff5}</UniqueIdentifier>
    </Filter>
    <Filter Include="Source Files">
      <UniqueIdentifier>{4FC737F1-C7A5-4376-A066-2A32D752A2FF}</UniqueIdentifier>
      <Extensions>cpp;c;cc;cxx;def;odl;idl;hpj;bat;asm;asmx</Extensions>
      <ParseFiles>true</ParseFiles>
    </Filter>
    <Filter Include="Resource Files">
      <UniqueIdentifier>{D9D6E242-F8AF-46E4-B9FD-80ECBC20BA3E}</UniqueIdentifier>
      <Extensions>qrc;*</Extensions>
      <ParseFiles>false</ParseFiles>
    </Filter>
    <Filter Include="Header Files">
      <UniqueIdentifier>{93995380-89BD-4b04-88EB-625FBE52EBFB}</UniqueIdentifier>
      <Extensions>h;hh;hpp;hxx;hm;inl;inc;xsd</Extensions>
      <ParseFiles>true</ParseFiles>
    </Filter>
    <Filter Include="Generated Files">
      <UniqueIdentifier>{71ED8ED8-ACB9-4CE9-BBE1-E00B30144E11}</UniqueIdentifier>
      <Extensions>moc;h;cpp</Extensions>
      <ParseFiles>true</ParseFiles>
    </Filter>
    <Filter Include="AV">
      <UniqueIdentifier>{87446a0b-d5fc-48dd-88de-4e426a91774d}</UniqueIdentifier>
    </Filter>
    <Filter Include="base">
      <UniqueIdentifier>{be207dcc-d801-4115-912e-0a208c235f9f}</UniqueIdentifier>
    </Filter>
  </ItemGroup>
  <ItemGroup>
    <ClCompile Include="Main\mainwindow.cpp">
      <Filter>Main</Filter>
    </ClCompile>
    <ClCompile Include="Main\main.cpp">
      <Filter>Main</Filter>
    </ClCompile>
    <ClCompile Include="Main\stdafx.cpp">
      <Filter>Main</Filter>
    </ClCompile>
    <ClCompile Include="Widget\PlayWidget.cpp">
      <Filter>Widget</Filter>
    </ClCompile>
    <ClCompile Include="Widget\ProgressWidget.cpp">
      <Filter>Widget</Filter>
    </ClCompile>
    <ClCompile Include="Widget\ControlButton.cpp">
      <Filter>Widget</Filter>
    </ClCompile>
    <ClCompile Include="Widget\ControlWidget.cpp">
      <Filter>Widget</Filter>
    </ClCompile>
    <ClCompile Include="AV\AVThread.cpp">
      <Filter>AV</Filter>
    </ClCompile>
    <ClCompile Include="AV\AVUnpacker.cpp">
      <Filter>AV</Filter>
    </ClCompile>
    <ClCompile Include="base\StringPiece.cpp">
      <Filter>base</Filter>
    </ClCompile>
    <ClCompile Include="AV\AudioDecoder.cpp">
      <Filter>AV</Filter>
    </ClCompile>
    <ClCompile Include="AV\AVDecoder.cpp">
      <Filter>AV</Filter>
    </ClCompile>
    <ClCompile Include="AV\VideoDecoder.cpp">
      <Filter>AV</Filter>
    </ClCompile>
    <ClCompile Include="AV\Frame.cpp">
      <Filter>AV</Filter>
    </ClCompile>
    <ClCompile Include="AV\Packet.cpp">
      <Filter>AV</Filter>
    </ClCompile>
    <ClCompile Include="AV\AVPlayer.cpp">
      <Filter>AV</Filter>
    </ClCompile>
    <ClCompile Include="AV\VideoTimer.cpp">
      <Filter>base</Filter>
    </ClCompile>
  </ItemGroup>
  <ItemGroup>
    <QtMoc Include="Main\mainwindow.h">
      <Filter>Main</Filter>
    </QtMoc>
    <QtMoc Include="Widget\PlayWidget.h">
      <Filter>Widget</Filter>
    </QtMoc>
    <QtMoc Include="Widget\ProgressWidget.h">
      <Filter>Widget</Filter>
    </QtMoc>
    <QtMoc Include="Widget\ControlButton.h">
      <Filter>Widget</Filter>
    </QtMoc>
    <QtMoc Include="Widget\ControlWidget.h">
      <Filter>Widget</Filter>
    </QtMoc>
    <QtMoc Include="AV\VideoTimer.h">
      <Filter>base</Filter>
    </QtMoc>
    <QtMoc Include="AV\AVPlayer.h">
      <Filter>AV</Filter>
    </QtMoc>
  </ItemGroup>
  <ItemGroup>
    <ClInclude Include="Main\stdafx.h">
      <Filter>Main</Filter>
    </ClInclude>
    <ClInclude Include="AV\AVThread.h">
      <Filter>AV</Filter>
    </ClInclude>
    <ClInclude Include="AV\Task.h">
      <Filter>AV</Filter>
    </ClInclude>
    <ClInclude Include="AV\AVUnpacker.h">
      <Filter>AV</Filter>
    </ClInclude>
    <ClInclude Include="base\StringPiece.h">
      <Filter>base</Filter>
    </ClInclude>
    <ClInclude Include="AV\AudioDecoder.h">
      <Filter>AV</Filter>
    </ClInclude>
    <ClInclude Include="AV\AVDecoder.h">
      <Filter>AV</Filter>
    </ClInclude>
    <ClInclude Include="AV\VideoDecoder.h">
      <Filter>AV</Filter>
    </ClInclude>
    <ClInclude Include="base\SyncQueue.h">
      <Filter>base</Filter>
    </ClInclude>
    <ClInclude Include="AV\Frame.h">
      <Filter>AV</Filter>
    </ClInclude>
    <ClInclude Include="AV\Packet.h">
      <Filter>AV</Filter>
    </ClInclude>
    <ClInclude Include="AV\OutDevice.h">
      <Filter>AV</Filter>
    </ClInclude>
  </ItemGroup>
  <ItemGroup>
    <QtRcc Include="image.qrc">
      <Filter>Resource Files</Filter>
    </QtRcc>
  </ItemGroup>
</Project>