<?xml version="1.0" encoding="utf-8"?>
<Project ToolsVersion="4.0" xmlns="http://schemas.microsoft.com/developer/msbuild/2003">
  <ItemGroup>
    <Filter Include="Main">
      <UniqueIdentifier>{4ee9aa2d-c3c1-4a55-a148-346f63ddc12c}</UniqueIdentifier>
    </Filter>
    <Filter Include="Widget">
      <UniqueIdentifier>{b46938c4-1f8e-418e-ac60-d3f7f1304ff5}</UniqueIdentifier>
    </Filter>
    <Filter Include="Player">
      <UniqueIdentifier>{806ec35d-0ed7-406f-8954-61addfdb05a2}</UniqueIdentifier>
    </Filter>
    <Filter Include="Decoder">
      <UniqueIdentifier>{a3bab24b-7d78-4cc9-b27f-45461443cda3}</UniqueIdentifier>
    </Filter>
    <Filter Include="Source Files">
      <UniqueIdentifier>{4FC737F1-C7A5-4376-A066-2A32D752A2FF}</UniqueIdentifier>
      <Extensions>cpp;c;cc;cxx;def;odl;idl;hpj;bat;asm;asmx</Extensions>
      <ParseFiles>true</ParseFiles>
    </Filter>
    <Filter Include="Resource Files">
      <UniqueIdentifier>{D9D6E242-F8AF-46E4-B9FD-80ECBC20BA3E}</UniqueIdentifier>
      <Extensions>qrc;*</Extensions>
      <ParseFiles>false</ParseFiles>
    </Filter>
  </ItemGroup>
  <ItemGroup>
    <ClCompile Include="Main\mainwindow.cpp">
      <Filter>Main</Filter>
    </ClCompile>
    <ClCompile Include="Main\main.cpp">
      <Filter>Main</Filter>
    </ClCompile>
    <ClCompile Include="Main\stdafx.cpp">
      <Filter>Main</Filter>
    </ClCompile>
    <ClCompile Include="Widget\PlayWidget.cpp">
      <Filter>Widget</Filter>
    </ClCompile>
    <ClCompile Include="Widget\ProgressWidget.cpp">
      <Filter>Widget</Filter>
    </ClCompile>
    <ClCompile Include="Widget\ControlButton.cpp">
      <Filter>Widget</Filter>
    </ClCompile>
    <ClCompile Include="Widget\ControlWidget.cpp">
      <Filter>Widget</Filter>
    </ClCompile>
    <ClCompile Include="Decoder\DecoderInterface.cpp">
      <Filter>Decoder</Filter>
    </ClCompile>
    <ClCompile Include="Decoder\DecoderFactory.cpp">
      <Filter>Decoder</Filter>
    </ClCompile>
    <ClCompile Include="Player\PlayerTimer.cpp">
      <Filter>Player</Filter>
    </ClCompile>
    <ClCompile Include="Decoder\VideoDecoder.cpp">
      <Filter>Decoder</Filter>
    </ClCompile>
  </ItemGroup>
  <ItemGroup>
    <QtMoc Include="Main\mainwindow.h">
      <Filter>Main</Filter>
    </QtMoc>
    <QtMoc Include="Widget\PlayWidget.h">
      <Filter>Widget</Filter>
    </QtMoc>
    <QtMoc Include="Widget\ProgressWidget.h">
      <Filter>Widget</Filter>
    </QtMoc>
    <QtMoc Include="Widget\ControlButton.h">
      <Filter>Widget</Filter>
    </QtMoc>
    <QtMoc Include="Widget\ControlWidget.h">
      <Filter>Widget</Filter>
    </QtMoc>
    <QtMoc Include="Player\PlayerTimer.h">
      <Filter>Player</Filter>
    </QtMoc>
  </ItemGroup>
  <ItemGroup>
    <ClInclude Include="Main\stdafx.h">
      <Filter>Main</Filter>
    </ClInclude>
    <ClInclude Include="Decoder\DecoderInterface.h">
      <Filter>Decoder</Filter>
    </ClInclude>
    <ClInclude Include="Decoder\DecoderFactory.h">
      <Filter>Decoder</Filter>
    </ClInclude>
    <ClInclude Include="Decoder\VideoDecoder.h">
      <Filter>Decoder</Filter>
    </ClInclude>
    <ClInclude Include="Decoder\SyncQueue.h">
      <Filter>Decoder</Filter>
    </ClInclude>
  </ItemGroup>
  <ItemGroup>
    <QtRcc Include="image.qrc">
      <Filter>Resource Files</Filter>
    </QtRcc>
  </ItemGroup>
</Project>